
Microsoft Visual Studio Solution File, Format Version 12.00
# Visual Studio 15
VisualStudioVersion = 15.0.26124.0
MinimumVisualStudioVersion = 15.0.26124.0
Project("{2150E333-8FDC-42A3-9474-1A3956D46DE8}") = "src", "src", "{DC636CFC-6733-481A-BAD4-0AB27377AC04}"
EndProject
Project("{FAE04EC0-301F-11D3-BF4B-00C04F79EFBC}") = "GringotsExchangeRateAPI", "src\GringotsExchangeRateAPI\GringotsExchangeRateAPI.csproj", "{5E19A6BC-E794-44AC-9FF5-28DFC412EB7E}"
EndProject
Project("{2150E333-8FDC-42A3-9474-1A3956D46DE8}") = "test", "test", "{CA2C57B2-F4F7-4072-AD64-A42A432C1C3A}"
EndProject
Project("{FAE04EC0-301F-11D3-BF4B-00C04F79EFBC}") = "GringotsExchangeRateAPI.Test", "test\GringotsExchangeRateAPI.Test\GringotsExchangeRateAPI.Test.csproj", "{C9D35B10-9B00-468A-9D8A-0E9E8D8A6D1C}"
EndProject
Global
	GlobalSection(SolutionConfigurationPlatforms) = preSolution
		Debug|Any CPU = Debug|Any CPU
		Debug|x64 = Debug|x64
		Debug|x86 = Debug|x86
		Release|Any CPU = Release|Any CPU
		Release|x64 = Release|x64
		Release|x86 = Release|x86
	EndGlobalSection
	GlobalSection(SolutionProperties) = preSolution
		HideSolutionNode = FALSE
	EndGlobalSection
	GlobalSection(ProjectConfigurationPlatforms) = postSolution
		{5E19A6BC-E794-44AC-9FF5-28DFC412EB7E}.Debug|Any CPU.ActiveCfg = Debug|Any CPU
		{5E19A6BC-E794-44AC-9FF5-28DFC412EB7E}.Debug|Any CPU.Build.0 = Debug|Any CPU
		{5E19A6BC-E794-44AC-9FF5-28DFC412EB7E}.Debug|x64.ActiveCfg = Debug|Any CPU
		{5E19A6BC-E794-44AC-9FF5-28DFC412EB7E}.Debug|x64.Build.0 = Debug|Any CPU
		{5E19A6BC-E794-44AC-9FF5-28DFC412EB7E}.Debug|x86.ActiveCfg = Debug|Any CPU
		{5E19A6BC-E794-44AC-9FF5-28DFC412EB7E}.Debug|x86.Build.0 = Debug|Any CPU
		{5E19A6BC-E794-44AC-9FF5-28DFC412EB7E}.Release|Any CPU.ActiveCfg = Release|Any CPU
		{5E19A6BC-E794-44AC-9FF5-28DFC412EB7E}.Release|Any CPU.Build.0 = Release|Any CPU
		{5E19A6BC-E794-44AC-9FF5-28DFC412EB7E}.Release|x64.ActiveCfg = Release|Any CPU
		{5E19A6BC-E794-44AC-9FF5-28DFC412EB7E}.Release|x64.Build.0 = Release|Any CPU
		{5E19A6BC-E794-44AC-9FF5-28DFC412EB7E}.Release|x86.ActiveCfg = Release|Any CPU
		{5E19A6BC-E794-44AC-9FF5-28DFC412EB7E}.Release|x86.Build.0 = Release|Any CPU
		{C9D35B10-9B00-468A-9D8A-0E9E8D8A6D1C}.Debug|Any CPU.ActiveCfg = Debug|Any CPU
		{C9D35B10-9B00-468A-9D8A-0E9E8D8A6D1C}.Debug|Any CPU.Build.0 = Debug|Any CPU
		{C9D35B10-9B00-468A-9D8A-0E9E8D8A6D1C}.Debug|x64.ActiveCfg = Debug|Any CPU
		{C9D35B10-9B00-468A-9D8A-0E9E8D8A6D1C}.Debug|x64.Build.0 = Debug|Any CPU
		{C9D35B10-9B00-468A-9D8A-0E9E8D8A6D1C}.Debug|x86.ActiveCfg = Debug|Any CPU
		{C9D35B10-9B00-468A-9D8A-0E9E8D8A6D1C}.Debug|x86.Build.0 = Debug|Any CPU
		{C9D35B10-9B00-468A-9D8A-0E9E8D8A6D1C}.Release|Any CPU.ActiveCfg = Release|Any CPU
		{C9D35B10-9B00-468A-9D8A-0E9E8D8A6D1C}.Release|Any CPU.Build.0 = Release|Any CPU
		{C9D35B10-9B00-468A-9D8A-0E9E8D8A6D1C}.Release|x64.ActiveCfg = Release|Any CPU
		{C9D35B10-9B00-468A-9D8A-0E9E8D8A6D1C}.Release|x64.Build.0 = Release|Any CPU
		{C9D35B10-9B00-468A-9D8A-0E9E8D8A6D1C}.Release|x86.ActiveCfg = Release|Any CPU
		{C9D35B10-9B00-468A-9D8A-0E9E8D8A6D1C}.Release|x86.Build.0 = Release|Any CPU
	EndGlobalSection
	GlobalSection(NestedProjects) = preSolution
		{5E19A6BC-E794-44AC-9FF5-28DFC412EB7E} = {DC636CFC-6733-481A-BAD4-0AB27377AC04}
		{C9D35B10-9B00-468A-9D8A-0E9E8D8A6D1C} = {CA2C57B2-F4F7-4072-AD64-A42A432C1C3A}
	EndGlobalSection
EndGlobal
